
Microsoft Visual Studio Solution File, Format Version 11.00
# Visual Studio 2010
Project("{FAE04EC0-301F-11D3-BF4B-00C04F79EFBC}") = "Oculus.Platform", "Oculus.Platform.csproj", "{618be1e3-5db6-6ff6-5f7b-b6a06d8f9ba6}"
EndProject
Project("{FAE04EC0-301F-11D3-BF4B-00C04F79EFBC}") = "Assembly-CSharp", "Assembly-CSharp.csproj", "{74ed04e7-5ca7-3355-1ba6-8a33ef4c1706}"
EndProject
Project("{FAE04EC0-301F-11D3-BF4B-00C04F79EFBC}") = "Oculus.Interaction", "Oculus.Interaction.csproj", "{97da26ce-2a0b-14d5-1653-a4e30e1bf6f3}"
EndProject
Project("{FAE04EC0-301F-11D3-BF4B-00C04F79EFBC}") = "Oculus.VR", "Oculus.VR.csproj", "{6b8f6e69-e46c-404f-d952-2fbda4989f4e}"
EndProject
Project("{FAE04EC0-301F-11D3-BF4B-00C04F79EFBC}") = "VoiceSDK.Dictation.Runtime", "VoiceSDK.Dictation.Runtime.csproj", "{d518dfa3-7fb9-7d9e-1149-7a9e17517712}"
EndProject
Project("{FAE04EC0-301F-11D3-BF4B-00C04F79EFBC}") = "VoiceSDK.Runtime", "VoiceSDK.Runtime.csproj", "{6d2e4807-5156-113b-ec2f-183227504c03}"
EndProject
Project("{FAE04EC0-301F-11D3-BF4B-00C04F79EFBC}") = "Meta.WitAi", "Meta.WitAi.csproj", "{45104c68-d6c4-f38e-038d-f495825268dd}"
EndProject
Project("{FAE04EC0-301F-11D3-BF4B-00C04F79EFBC}") = "Oculus.Interaction.OVR.Samples", "Oculus.Interaction.OVR.Samples.csproj", "{9fd94929-0ffd-02d4-e5bf-7f3df14b7789}"
EndProject
Project("{FAE04EC0-301F-11D3-BF4B-00C04F79EFBC}") = "Meta.WitAi.TTS.Samples", "Meta.WitAi.TTS.Samples.csproj", "{113dbb63-f23f-6cbf-ccb5-e1f8c8fe15d4}"
EndProject
Project("{FAE04EC0-301F-11D3-BF4B-00C04F79EFBC}") = "Oculus.Voice.Demo", "Oculus.Voice.Demo.csproj", "{9fd13bb4-fefb-7b1a-8d10-7cfa4f74428e}"
EndProject
Project("{FAE04EC0-301F-11D3-BF4B-00C04F79EFBC}") = "Meta.WitAi.Lib", "Meta.WitAi.Lib.csproj", "{77d930bc-5097-ca79-5e68-8f20cb1818fc}"
EndProject
Project("{FAE04EC0-301F-11D3-BF4B-00C04F79EFBC}") = "Oculus.Interaction.OVR", "Oculus.Interaction.OVR.csproj", "{f59abd54-2494-932e-3ffd-1d02de92c3c9}"
EndProject
Project("{FAE04EC0-301F-11D3-BF4B-00C04F79EFBC}") = "AssistantCoreSDKRuntime", "AssistantCoreSDKRuntime.csproj", "{42c70b0f-5ff5-9ad4-7a7b-9c809165fe14}"
EndProject
Project("{FAE04EC0-301F-11D3-BF4B-00C04F79EFBC}") = "Meta.WitAi.Conduit", "Meta.WitAi.Conduit.csproj", "{63218f28-baa4-7019-5dda-354d86afc5ef}"
EndProject
Project("{FAE04EC0-301F-11D3-BF4B-00C04F79EFBC}") = "Oculus.AudioManager", "Oculus.AudioManager.csproj", "{7707e327-075e-ff05-4b81-cb9326867da2}"
EndProject
Project("{FAE04EC0-301F-11D3-BF4B-00C04F79EFBC}") = "Oculus.LipSync", "Oculus.LipSync.csproj", "{bb244c5b-249f-56e9-93b6-8accf14c0d90}"
EndProject
Project("{FAE04EC0-301F-11D3-BF4B-00C04F79EFBC}") = "Oculus.Spatializer", "Oculus.Spatializer.csproj", "{598c892a-a565-09b0-2370-3274038d25a6}"
EndProject
Project("{FAE04EC0-301F-11D3-BF4B-00C04F79EFBC}") = "Meta.VoiceSDK.Mic.Other", "Meta.VoiceSDK.Mic.Other.csproj", "{c602948f-7532-29fa-c65c-296dca6b1852}"
EndProject
Project("{FAE04EC0-301F-11D3-BF4B-00C04F79EFBC}") = "Meta.VoiceSDK.Mic.Common", "Meta.VoiceSDK.Mic.Common.csproj", "{7684107f-d563-dce0-b9b5-3926627d3020}"
EndProject
Project("{FAE04EC0-301F-11D3-BF4B-00C04F79EFBC}") = "Facebook.Wit.Dictation", "Facebook.Wit.Dictation.csproj", "{a4a5168f-b9d7-b980-07d7-3676188f66cf}"
EndProject
Project("{FAE04EC0-301F-11D3-BF4B-00C04F79EFBC}") = "Meta.WitAi.TTS", "Meta.WitAi.TTS.csproj", "{571d6bb1-668f-3145-1892-4c030c796896}"
EndProject
Project("{FAE04EC0-301F-11D3-BF4B-00C04F79EFBC}") = "Meta.WitAi.Editor", "Meta.WitAi.Editor.csproj", "{b6e9222d-97ab-1f7f-6163-ca39745ce4af}"
EndProject
Project("{FAE04EC0-301F-11D3-BF4B-00C04F79EFBC}") = "Meta.WitAI.Lib.Editor", "Meta.WitAI.Lib.Editor.csproj", "{16f251e7-f591-6bc7-f066-095af551a02c}"
EndProject
Project("{FAE04EC0-301F-11D3-BF4B-00C04F79EFBC}") = "Oculus.VR.Editor", "Oculus.VR.Editor.csproj", "{39e34ac2-714d-55a6-48a5-db685346c3ce}"
EndProject
Project("{FAE04EC0-301F-11D3-BF4B-00C04F79EFBC}") = "Meta.WitAi.Conduit.Editor", "Meta.WitAi.Conduit.Editor.csproj", "{ccca5fe9-13cd-4230-db77-e709b19b4131}"
EndProject
Project("{FAE04EC0-301F-11D3-BF4B-00C04F79EFBC}") = "Oculus.Interaction.Editor", "Oculus.Interaction.Editor.csproj", "{e9b6be9e-c7aa-bff2-7aec-94811548466e}"
EndProject
Project("{FAE04EC0-301F-11D3-BF4B-00C04F79EFBC}") = "Oculus.Interaction.OVR.Editor", "Oculus.Interaction.OVR.Editor.csproj", "{df617819-f3db-37ab-7ba4-75cd12cb2c58}"
EndProject
Project("{FAE04EC0-301F-11D3-BF4B-00C04F79EFBC}") = "Assembly-CSharp-Editor", "Assembly-CSharp-Editor.csproj", "{cbf77968-8718-88a3-710f-2aff9ac7f242}"
EndProject
Project("{FAE04EC0-301F-11D3-BF4B-00C04F79EFBC}") = "Oculus.VR.Scripts.Editor", "Oculus.VR.Scripts.Editor.csproj", "{3177e64f-f440-8790-ebb2-604bbf594468}"
EndProject
Project("{FAE04EC0-301F-11D3-BF4B-00C04F79EFBC}") = "Oculus.Spatializer.Editor", "Oculus.Spatializer.Editor.csproj", "{f7f86303-f7a0-8b86-63d0-a91f3e370c76}"
EndProject
Project("{FAE04EC0-301F-11D3-BF4B-00C04F79EFBC}") = "Meta.WitAi.TTS.Editor", "Meta.WitAi.TTS.Editor.csproj", "{3788d192-f199-3dd7-497c-d6d3e6d4fca1}"
EndProject
Project("{FAE04EC0-301F-11D3-BF4B-00C04F79EFBC}") = "VoiceSDK.Dictation.Editor", "VoiceSDK.Dictation.Editor.csproj", "{7b90b3f7-0876-a066-0cf0-a06be87dfbf7}"
EndProject
Project("{FAE04EC0-301F-11D3-BF4B-00C04F79EFBC}") = "Oculus.Platform.Editor", "Oculus.Platform.Editor.csproj", "{d50e00b1-8caa-7231-ee4f-fa45fe3cee3f}"
EndProject
Project("{FAE04EC0-301F-11D3-BF4B-00C04F79EFBC}") = "VoiceSDK.Editor", "VoiceSDK.Editor.csproj", "{b4d0b046-415d-4263-df51-bb7d87043889}"
EndProject
Project("{FAE04EC0-301F-11D3-BF4B-00C04F79EFBC}") = "Oculus.AudioManager.Audio.Editor", "Oculus.AudioManager.Audio.Editor.csproj", "{e00e1186-8ef2-7455-c158-eec2e1f2585d}"
EndProject
Project("{FAE04EC0-301F-11D3-BF4B-00C04F79EFBC}") = "Oculus.LipSync.Editor", "Oculus.LipSync.Editor.csproj", "{f500e5cc-2a9e-b44d-baf8-31789b9768f6}"
EndProject
Project("{FAE04EC0-301F-11D3-BF4B-00C04F79EFBC}") = "Oculus.AudioManager.Utils.Editor", "Oculus.AudioManager.Utils.Editor.csproj", "{edca5a4c-a4fc-55cc-ac75-26fe2114cf1c}"
EndProject
Project("{FAE04EC0-301F-11D3-BF4B-00C04F79EFBC}") = "Oculus.Interaction.Samples.Editor", "Oculus.Interaction.Samples.Editor.csproj", "{bf5e0b16-f127-363e-60ab-4441bc24e6dd}"
EndProject
Project("{FAE04EC0-301F-11D3-BF4B-00C04F79EFBC}") = "Facebook.Wit.Dictation.Editor", "Facebook.Wit.Dictation.Editor.csproj", "{147748e7-96bd-f11d-884a-3f3578748123}"
EndProject
Project("{FAE04EC0-301F-11D3-BF4B-00C04F79EFBC}") = "Oculus.Interaction.InterfaceSupport", "Oculus.Interaction.InterfaceSupport.csproj", "{89b2e5b0-2e72-bd57-1aa7-d96f6dc083ab}"
EndProject
Project("{FAE04EC0-301F-11D3-BF4B-00C04F79EFBC}") = "AssistantCoreSDKEditor", "AssistantCoreSDKEditor.csproj", "{895ddb43-1532-8340-2936-dcb27cc48c08}"
EndProject
Global
	GlobalSection(SolutionConfigurationPlatforms) = preSolution
		Debug|Any CPU = Debug|Any CPU
	EndGlobalSection
	GlobalSection(ProjectConfigurationPlatforms) = postSolution
		{618be1e3-5db6-6ff6-5f7b-b6a06d8f9ba6}.Debug|Any CPU.ActiveCfg = Debug|Any CPU
		{618be1e3-5db6-6ff6-5f7b-b6a06d8f9ba6}.Debug|Any CPU.Build.0 = Debug|Any CPU
		{74ed04e7-5ca7-3355-1ba6-8a33ef4c1706}.Debug|Any CPU.ActiveCfg = Debug|Any CPU
		{74ed04e7-5ca7-3355-1ba6-8a33ef4c1706}.Debug|Any CPU.Build.0 = Debug|Any CPU
		{97da26ce-2a0b-14d5-1653-a4e30e1bf6f3}.Debug|Any CPU.ActiveCfg = Debug|Any CPU
		{97da26ce-2a0b-14d5-1653-a4e30e1bf6f3}.Debug|Any CPU.Build.0 = Debug|Any CPU
		{6b8f6e69-e46c-404f-d952-2fbda4989f4e}.Debug|Any CPU.ActiveCfg = Debug|Any CPU
		{6b8f6e69-e46c-404f-d952-2fbda4989f4e}.Debug|Any CPU.Build.0 = Debug|Any CPU
		{d518dfa3-7fb9-7d9e-1149-7a9e17517712}.Debug|Any CPU.ActiveCfg = Debug|Any CPU
		{d518dfa3-7fb9-7d9e-1149-7a9e17517712}.Debug|Any CPU.Build.0 = Debug|Any CPU
		{6d2e4807-5156-113b-ec2f-183227504c03}.Debug|Any CPU.ActiveCfg = Debug|Any CPU
		{6d2e4807-5156-113b-ec2f-183227504c03}.Debug|Any CPU.Build.0 = Debug|Any CPU
		{45104c68-d6c4-f38e-038d-f495825268dd}.Debug|Any CPU.ActiveCfg = Debug|Any CPU
		{45104c68-d6c4-f38e-038d-f495825268dd}.Debug|Any CPU.Build.0 = Debug|Any CPU
		{9fd94929-0ffd-02d4-e5bf-7f3df14b7789}.Debug|Any CPU.ActiveCfg = Debug|Any CPU
		{9fd94929-0ffd-02d4-e5bf-7f3df14b7789}.Debug|Any CPU.Build.0 = Debug|Any CPU
		{113dbb63-f23f-6cbf-ccb5-e1f8c8fe15d4}.Debug|Any CPU.ActiveCfg = Debug|Any CPU
		{113dbb63-f23f-6cbf-ccb5-e1f8c8fe15d4}.Debug|Any CPU.Build.0 = Debug|Any CPU
		{9fd13bb4-fefb-7b1a-8d10-7cfa4f74428e}.Debug|Any CPU.ActiveCfg = Debug|Any CPU
		{9fd13bb4-fefb-7b1a-8d10-7cfa4f74428e}.Debug|Any CPU.Build.0 = Debug|Any CPU
		{77d930bc-5097-ca79-5e68-8f20cb1818fc}.Debug|Any CPU.ActiveCfg = Debug|Any CPU
		{77d930bc-5097-ca79-5e68-8f20cb1818fc}.Debug|Any CPU.Build.0 = Debug|Any CPU
		{f59abd54-2494-932e-3ffd-1d02de92c3c9}.Debug|Any CPU.ActiveCfg = Debug|Any CPU
		{f59abd54-2494-932e-3ffd-1d02de92c3c9}.Debug|Any CPU.Build.0 = Debug|Any CPU
		{42c70b0f-5ff5-9ad4-7a7b-9c809165fe14}.Debug|Any CPU.ActiveCfg = Debug|Any CPU
		{42c70b0f-5ff5-9ad4-7a7b-9c809165fe14}.Debug|Any CPU.Build.0 = Debug|Any CPU
		{63218f28-baa4-7019-5dda-354d86afc5ef}.Debug|Any CPU.ActiveCfg = Debug|Any CPU
		{63218f28-baa4-7019-5dda-354d86afc5ef}.Debug|Any CPU.Build.0 = Debug|Any CPU
		{7707e327-075e-ff05-4b81-cb9326867da2}.Debug|Any CPU.ActiveCfg = Debug|Any CPU
		{7707e327-075e-ff05-4b81-cb9326867da2}.Debug|Any CPU.Build.0 = Debug|Any CPU
		{bb244c5b-249f-56e9-93b6-8accf14c0d90}.Debug|Any CPU.ActiveCfg = Debug|Any CPU
		{bb244c5b-249f-56e9-93b6-8accf14c0d90}.Debug|Any CPU.Build.0 = Debug|Any CPU
		{598c892a-a565-09b0-2370-3274038d25a6}.Debug|Any CPU.ActiveCfg = Debug|Any CPU
		{598c892a-a565-09b0-2370-3274038d25a6}.Debug|Any CPU.Build.0 = Debug|Any CPU
		{c602948f-7532-29fa-c65c-296dca6b1852}.Debug|Any CPU.ActiveCfg = Debug|Any CPU
		{c602948f-7532-29fa-c65c-296dca6b1852}.Debug|Any CPU.Build.0 = Debug|Any CPU
		{7684107f-d563-dce0-b9b5-3926627d3020}.Debug|Any CPU.ActiveCfg = Debug|Any CPU
		{7684107f-d563-dce0-b9b5-3926627d3020}.Debug|Any CPU.Build.0 = Debug|Any CPU
		{a4a5168f-b9d7-b980-07d7-3676188f66cf}.Debug|Any CPU.ActiveCfg = Debug|Any CPU
		{a4a5168f-b9d7-b980-07d7-3676188f66cf}.Debug|Any CPU.Build.0 = Debug|Any CPU
		{571d6bb1-668f-3145-1892-4c030c796896}.Debug|Any CPU.ActiveCfg = Debug|Any CPU
		{571d6bb1-668f-3145-1892-4c030c796896}.Debug|Any CPU.Build.0 = Debug|Any CPU
		{b6e9222d-97ab-1f7f-6163-ca39745ce4af}.Debug|Any CPU.ActiveCfg = Debug|Any CPU
		{b6e9222d-97ab-1f7f-6163-ca39745ce4af}.Debug|Any CPU.Build.0 = Debug|Any CPU
		{16f251e7-f591-6bc7-f066-095af551a02c}.Debug|Any CPU.ActiveCfg = Debug|Any CPU
		{16f251e7-f591-6bc7-f066-095af551a02c}.Debug|Any CPU.Build.0 = Debug|Any CPU
		{39e34ac2-714d-55a6-48a5-db685346c3ce}.Debug|Any CPU.ActiveCfg = Debug|Any CPU
		{39e34ac2-714d-55a6-48a5-db685346c3ce}.Debug|Any CPU.Build.0 = Debug|Any CPU
		{ccca5fe9-13cd-4230-db77-e709b19b4131}.Debug|Any CPU.ActiveCfg = Debug|Any CPU
		{ccca5fe9-13cd-4230-db77-e709b19b4131}.Debug|Any CPU.Build.0 = Debug|Any CPU
		{e9b6be9e-c7aa-bff2-7aec-94811548466e}.Debug|Any CPU.ActiveCfg = Debug|Any CPU
		{e9b6be9e-c7aa-bff2-7aec-94811548466e}.Debug|Any CPU.Build.0 = Debug|Any CPU
		{df617819-f3db-37ab-7ba4-75cd12cb2c58}.Debug|Any CPU.ActiveCfg = Debug|Any CPU
		{df617819-f3db-37ab-7ba4-75cd12cb2c58}.Debug|Any CPU.Build.0 = Debug|Any CPU
		{cbf77968-8718-88a3-710f-2aff9ac7f242}.Debug|Any CPU.ActiveCfg = Debug|Any CPU
		{cbf77968-8718-88a3-710f-2aff9ac7f242}.Debug|Any CPU.Build.0 = Debug|Any CPU
		{3177e64f-f440-8790-ebb2-604bbf594468}.Debug|Any CPU.ActiveCfg = Debug|Any CPU
		{3177e64f-f440-8790-ebb2-604bbf594468}.Debug|Any CPU.Build.0 = Debug|Any CPU
		{f7f86303-f7a0-8b86-63d0-a91f3e370c76}.Debug|Any CPU.ActiveCfg = Debug|Any CPU
		{f7f86303-f7a0-8b86-63d0-a91f3e370c76}.Debug|Any CPU.Build.0 = Debug|Any CPU
		{3788d192-f199-3dd7-497c-d6d3e6d4fca1}.Debug|Any CPU.ActiveCfg = Debug|Any CPU
		{3788d192-f199-3dd7-497c-d6d3e6d4fca1}.Debug|Any CPU.Build.0 = Debug|Any CPU
		{7b90b3f7-0876-a066-0cf0-a06be87dfbf7}.Debug|Any CPU.ActiveCfg = Debug|Any CPU
		{7b90b3f7-0876-a066-0cf0-a06be87dfbf7}.Debug|Any CPU.Build.0 = Debug|Any CPU
		{d50e00b1-8caa-7231-ee4f-fa45fe3cee3f}.Debug|Any CPU.ActiveCfg = Debug|Any CPU
		{d50e00b1-8caa-7231-ee4f-fa45fe3cee3f}.Debug|Any CPU.Build.0 = Debug|Any CPU
		{b4d0b046-415d-4263-df51-bb7d87043889}.Debug|Any CPU.ActiveCfg = Debug|Any CPU
		{b4d0b046-415d-4263-df51-bb7d87043889}.Debug|Any CPU.Build.0 = Debug|Any CPU
		{e00e1186-8ef2-7455-c158-eec2e1f2585d}.Debug|Any CPU.ActiveCfg = Debug|Any CPU
		{e00e1186-8ef2-7455-c158-eec2e1f2585d}.Debug|Any CPU.Build.0 = Debug|Any CPU
		{f500e5cc-2a9e-b44d-baf8-31789b9768f6}.Debug|Any CPU.ActiveCfg = Debug|Any CPU
		{f500e5cc-2a9e-b44d-baf8-31789b9768f6}.Debug|Any CPU.Build.0 = Debug|Any CPU
		{edca5a4c-a4fc-55cc-ac75-26fe2114cf1c}.Debug|Any CPU.ActiveCfg = Debug|Any CPU
		{edca5a4c-a4fc-55cc-ac75-26fe2114cf1c}.Debug|Any CPU.Build.0 = Debug|Any CPU
		{bf5e0b16-f127-363e-60ab-4441bc24e6dd}.Debug|Any CPU.ActiveCfg = Debug|Any CPU
		{bf5e0b16-f127-363e-60ab-4441bc24e6dd}.Debug|Any CPU.Build.0 = Debug|Any CPU
		{147748e7-96bd-f11d-884a-3f3578748123}.Debug|Any CPU.ActiveCfg = Debug|Any CPU
		{147748e7-96bd-f11d-884a-3f3578748123}.Debug|Any CPU.Build.0 = Debug|Any CPU
		{89b2e5b0-2e72-bd57-1aa7-d96f6dc083ab}.Debug|Any CPU.ActiveCfg = Debug|Any CPU
		{89b2e5b0-2e72-bd57-1aa7-d96f6dc083ab}.Debug|Any CPU.Build.0 = Debug|Any CPU
		{895ddb43-1532-8340-2936-dcb27cc48c08}.Debug|Any CPU.ActiveCfg = Debug|Any CPU
		{895ddb43-1532-8340-2936-dcb27cc48c08}.Debug|Any CPU.Build.0 = Debug|Any CPU
	EndGlobalSection
	GlobalSection(SolutionProperties) = preSolution
		HideSolutionNode = FALSE
	EndGlobalSection
EndGlobal
