
Microsoft Visual Studio Solution File, Format Version 12.00
# Visual Studio 15
Project("{FAE04EC0-301F-11D3-BF4B-00C04F79EFBC}") = "Meta.WitAi.Conduit", "Meta.WitAi.Conduit.csproj", "{288F2163-A4BA-1970-5DDA-354D86AFC5EF}"
EndProject
Project("{FAE04EC0-301F-11D3-BF4B-00C04F79EFBC}") = "MagicaClothV2", "MagicaClothV2.csproj", "{BAEB3A74-89C5-AD08-549E-597BF294A3A1}"
EndProject
Project("{FAE04EC0-301F-11D3-BF4B-00C04F79EFBC}") = "Oculus.VR", "Oculus.VR.csproj", "{696E8F6B-6CE4-4F40-D952-2FBDA4989F4E}"
EndProject
Project("{FAE04EC0-301F-11D3-BF4B-00C04F79EFBC}") = "Oculus.Interaction", "Oculus.Interaction.csproj", "{CE26DA97-0B2A-D514-1653-A4E30E1BF6F3}"
EndProject
Project("{FAE04EC0-301F-11D3-BF4B-00C04F79EFBC}") = "Oculus.Interaction.Editor", "Oculus.Interaction.Editor.csproj", "{9EBEB6E9-AAC7-F2BF-7AEC-94811548466E}"
EndProject
Project("{FAE04EC0-301F-11D3-BF4B-00C04F79EFBC}") = "Oculus.Platform", "Oculus.Platform.csproj", "{E3E18B61-B65D-F66F-5F7B-B6A06D8F9BA6}"
EndProject
Project("{FAE04EC0-301F-11D3-BF4B-00C04F79EFBC}") = "Assembly-CSharp", "Assembly-CSharp.csproj", "{E704ED74-A75C-5533-1BA6-8A33EF4C1706}"
EndProject
Project("{FAE04EC0-301F-11D3-BF4B-00C04F79EFBC}") = "Meta.WitAi.Lib", "Meta.WitAi.Lib.csproj", "{BC30D977-9750-79CA-5E68-8F20CB1818FC}"
EndProject
Project("{FAE04EC0-301F-11D3-BF4B-00C04F79EFBC}") = "Meta.WitAi.Editor", "Meta.WitAi.Editor.csproj", "{2D22E9B6-AB97-7F1F-6163-CA39745CE4AF}"
EndProject
Project("{FAE04EC0-301F-11D3-BF4B-00C04F79EFBC}") = "Meta.WitAi.Conduit.Editor", "Meta.WitAi.Conduit.Editor.csproj", "{E95FCACC-CD13-3042-DB77-E709B19B4131}"
EndProject
Project("{FAE04EC0-301F-11D3-BF4B-00C04F79EFBC}") = "Meta.WitAi", "Meta.WitAi.csproj", "{684C1045-C4D6-8EF3-038D-F495825268DD}"
EndProject
Project("{FAE04EC0-301F-11D3-BF4B-00C04F79EFBC}") = "MagicaClothV2.Editor", "MagicaClothV2.Editor.csproj", "{ABD030A7-A46C-FB26-AE8D-CD0173DF4651}"
EndProject
Project("{FAE04EC0-301F-11D3-BF4B-00C04F79EFBC}") = "Oculus.VR.Editor", "Oculus.VR.Editor.csproj", "{C24AE339-4D71-A655-48A5-DB685346C3CE}"
EndProject
Project("{FAE04EC0-301F-11D3-BF4B-00C04F79EFBC}") = "Oculus.LipSync", "Oculus.LipSync.csproj", "{5B4C24BB-9F24-E956-93B6-8ACCF14C0D90}"
EndProject
Project("{FAE04EC0-301F-11D3-BF4B-00C04F79EFBC}") = "Oculus.Interaction.OVR", "Oculus.Interaction.OVR.csproj", "{54BD9AF5-9424-2E93-3FFD-1D02DE92C3C9}"
EndProject
Project("{FAE04EC0-301F-11D3-BF4B-00C04F79EFBC}") = "VoiceSDK.Editor", "VoiceSDK.Editor.csproj", "{46B0D0B4-5D41-6342-DF51-BB7D87043889}"
EndProject
Project("{FAE04EC0-301F-11D3-BF4B-00C04F79EFBC}") = "Meta.WitAI.Lib.Editor", "Meta.WitAI.Lib.Editor.csproj", "{E751F216-91F5-C76B-F066-095AF551A02C}"
EndProject
Project("{FAE04EC0-301F-11D3-BF4B-00C04F79EFBC}") = "Oculus.Interaction.OVR.Samples", "Oculus.Interaction.OVR.Samples.csproj", "{2949D99F-FD0F-D402-E5BF-7F3DF14B7789}"
EndProject
Project("{FAE04EC0-301F-11D3-BF4B-00C04F79EFBC}") = "Oculus.AudioManager", "Oculus.AudioManager.csproj", "{27E30777-5E07-05FF-4B81-CB9326867DA2}"
EndProject
Project("{FAE04EC0-301F-11D3-BF4B-00C04F79EFBC}") = "VoiceSDK.Dictation.Runtime", "VoiceSDK.Dictation.Runtime.csproj", "{A3DF18D5-B97F-9E7D-1149-7A9E17517712}"
EndProject
Project("{FAE04EC0-301F-11D3-BF4B-00C04F79EFBC}") = "AssistantCoreSDKRuntime", "AssistantCoreSDKRuntime.csproj", "{0F0BC742-F55F-D49A-7A7B-9C809165FE14}"
EndProject
Project("{FAE04EC0-301F-11D3-BF4B-00C04F79EFBC}") = "Assembly-CSharp-Editor", "Assembly-CSharp-Editor.csproj", "{6879F7CB-1887-A388-710F-2AFF9AC7F242}"
EndProject
Project("{FAE04EC0-301F-11D3-BF4B-00C04F79EFBC}") = "Oculus.VR.Scripts.Editor", "Oculus.VR.Scripts.Editor.csproj", "{4FE67731-40F4-9087-EBB2-604BBF594468}"
EndProject
Project("{FAE04EC0-301F-11D3-BF4B-00C04F79EFBC}") = "Meta.WitAi.TTS.Samples", "Meta.WitAi.TTS.Samples.csproj", "{63BB3D11-3FF2-BF6C-CCB5-E1F8C8FE15D4}"
EndProject
Project("{FAE04EC0-301F-11D3-BF4B-00C04F79EFBC}") = "Oculus.Interaction.Samples.Editor", "Oculus.Interaction.Samples.Editor.csproj", "{160B5EBF-27F1-3E36-60AB-4441BC24E6DD}"
EndProject
Project("{FAE04EC0-301F-11D3-BF4B-00C04F79EFBC}") = "Meta.WitAi.TTS.Editor", "Meta.WitAi.TTS.Editor.csproj", "{92D18837-99F1-D73D-497C-D6D3E6D4FCA1}"
EndProject
Project("{FAE04EC0-301F-11D3-BF4B-00C04F79EFBC}") = "Oculus.Platform.Editor", "Oculus.Platform.Editor.csproj", "{B1000ED5-AA8C-3172-EE4F-FA45FE3CEE3F}"
EndProject
Project("{FAE04EC0-301F-11D3-BF4B-00C04F79EFBC}") = "Facebook.Wit.Dictation", "Facebook.Wit.Dictation.csproj", "{8F16A5A4-D7B9-80B9-07D7-3676188F66CF}"
EndProject
Project("{FAE04EC0-301F-11D3-BF4B-00C04F79EFBC}") = "Oculus.Spatializer.Editor", "Oculus.Spatializer.Editor.csproj", "{0363F8F7-A0F7-868B-63D0-A91F3E370C76}"
EndProject
Project("{FAE04EC0-301F-11D3-BF4B-00C04F79EFBC}") = "Oculus.LipSync.Editor", "Oculus.LipSync.Editor.csproj", "{CCE500F5-9E2A-4DB4-BAF8-31789B9768F6}"
EndProject
Project("{FAE04EC0-301F-11D3-BF4B-00C04F79EFBC}") = "Oculus.Voice.Demo", "Oculus.Voice.Demo.csproj", "{B43BD19F-FBFE-1A7B-8D10-7CFA4F74428E}"
EndProject
Project("{FAE04EC0-301F-11D3-BF4B-00C04F79EFBC}") = "Oculus.AudioManager.Utils.Editor", "Oculus.AudioManager.Utils.Editor.csproj", "{4C5ACAED-FCA4-CC55-AC75-26FE2114CF1C}"
EndProject
Project("{FAE04EC0-301F-11D3-BF4B-00C04F79EFBC}") = "Meta.VoiceSDK.Mic.Common", "Meta.VoiceSDK.Mic.Common.csproj", "{7F108476-63D5-E0DC-B9B5-3926627D3020}"
EndProject
Project("{FAE04EC0-301F-11D3-BF4B-00C04F79EFBC}") = "Oculus.Spatializer", "Oculus.Spatializer.csproj", "{2A898C59-65A5-B009-2370-3274038D25A6}"
EndProject
Project("{FAE04EC0-301F-11D3-BF4B-00C04F79EFBC}") = "Meta.WitAi.TTS", "Meta.WitAi.TTS.csproj", "{B16B1D57-8F66-4531-1892-4C030C796896}"
EndProject
Project("{FAE04EC0-301F-11D3-BF4B-00C04F79EFBC}") = "Meta.VoiceSDK.Mic.Other", "Meta.VoiceSDK.Mic.Other.csproj", "{8F9402C6-3275-FA29-C65C-296DCA6B1852}"
EndProject
Project("{FAE04EC0-301F-11D3-BF4B-00C04F79EFBC}") = "VoiceSDK.Runtime", "VoiceSDK.Runtime.csproj", "{07482E6D-5651-3B11-EC2F-183227504C03}"
EndProject
Project("{FAE04EC0-301F-11D3-BF4B-00C04F79EFBC}") = "Oculus.Interaction.InterfaceSupport", "Oculus.Interaction.InterfaceSupport.csproj", "{B0E5B289-722E-57BD-1AA7-D96F6DC083AB}"
EndProject
Project("{FAE04EC0-301F-11D3-BF4B-00C04F79EFBC}") = "Oculus.AudioManager.Audio.Editor", "Oculus.AudioManager.Audio.Editor.csproj", "{86110EE0-F28E-5574-C158-EEC2E1F2585D}"
EndProject
Project("{FAE04EC0-301F-11D3-BF4B-00C04F79EFBC}") = "VoiceSDK.Dictation.Editor", "VoiceSDK.Dictation.Editor.csproj", "{F7B3907B-7608-66A0-0CF0-A06BE87DFBF7}"
EndProject
Project("{FAE04EC0-301F-11D3-BF4B-00C04F79EFBC}") = "AssistantCoreSDKEditor", "AssistantCoreSDKEditor.csproj", "{43DB5D89-3215-4083-2936-DCB27CC48C08}"
EndProject
Project("{FAE04EC0-301F-11D3-BF4B-00C04F79EFBC}") = "Oculus.Interaction.OVR.Editor", "Oculus.Interaction.OVR.Editor.csproj", "{197861DF-DBF3-AB37-7BA4-75CD12CB2C58}"
EndProject
Project("{FAE04EC0-301F-11D3-BF4B-00C04F79EFBC}") = "Facebook.Wit.Dictation.Editor", "Facebook.Wit.Dictation.Editor.csproj", "{E7487714-BD96-1DF1-884A-3F3578748123}"
EndProject
Global
	GlobalSection(SolutionConfigurationPlatforms) = preSolution
		Debug|Any CPU = Debug|Any CPU
		Release|Any CPU = Release|Any CPU
	EndGlobalSection
	GlobalSection(ProjectConfigurationPlatforms) = postSolution
		{288F2163-A4BA-1970-5DDA-354D86AFC5EF}.Debug|Any CPU.ActiveCfg = Debug|Any CPU
		{288F2163-A4BA-1970-5DDA-354D86AFC5EF}.Debug|Any CPU.Build.0 = Debug|Any CPU
		{288F2163-A4BA-1970-5DDA-354D86AFC5EF}.Release|Any CPU.ActiveCfg = Release|Any CPU
		{288F2163-A4BA-1970-5DDA-354D86AFC5EF}.Release|Any CPU.Build.0 = Release|Any CPU
		{BAEB3A74-89C5-AD08-549E-597BF294A3A1}.Debug|Any CPU.ActiveCfg = Debug|Any CPU
		{BAEB3A74-89C5-AD08-549E-597BF294A3A1}.Debug|Any CPU.Build.0 = Debug|Any CPU
		{BAEB3A74-89C5-AD08-549E-597BF294A3A1}.Release|Any CPU.ActiveCfg = Release|Any CPU
		{BAEB3A74-89C5-AD08-549E-597BF294A3A1}.Release|Any CPU.Build.0 = Release|Any CPU
		{696E8F6B-6CE4-4F40-D952-2FBDA4989F4E}.Debug|Any CPU.ActiveCfg = Debug|Any CPU
		{696E8F6B-6CE4-4F40-D952-2FBDA4989F4E}.Debug|Any CPU.Build.0 = Debug|Any CPU
		{696E8F6B-6CE4-4F40-D952-2FBDA4989F4E}.Release|Any CPU.ActiveCfg = Release|Any CPU
		{696E8F6B-6CE4-4F40-D952-2FBDA4989F4E}.Release|Any CPU.Build.0 = Release|Any CPU
		{CE26DA97-0B2A-D514-1653-A4E30E1BF6F3}.Debug|Any CPU.ActiveCfg = Debug|Any CPU
		{CE26DA97-0B2A-D514-1653-A4E30E1BF6F3}.Debug|Any CPU.Build.0 = Debug|Any CPU
		{CE26DA97-0B2A-D514-1653-A4E30E1BF6F3}.Release|Any CPU.ActiveCfg = Release|Any CPU
		{CE26DA97-0B2A-D514-1653-A4E30E1BF6F3}.Release|Any CPU.Build.0 = Release|Any CPU
		{9EBEB6E9-AAC7-F2BF-7AEC-94811548466E}.Debug|Any CPU.ActiveCfg = Debug|Any CPU
		{9EBEB6E9-AAC7-F2BF-7AEC-94811548466E}.Debug|Any CPU.Build.0 = Debug|Any CPU
		{9EBEB6E9-AAC7-F2BF-7AEC-94811548466E}.Release|Any CPU.ActiveCfg = Release|Any CPU
		{9EBEB6E9-AAC7-F2BF-7AEC-94811548466E}.Release|Any CPU.Build.0 = Release|Any CPU
		{E3E18B61-B65D-F66F-5F7B-B6A06D8F9BA6}.Debug|Any CPU.ActiveCfg = Debug|Any CPU
		{E3E18B61-B65D-F66F-5F7B-B6A06D8F9BA6}.Debug|Any CPU.Build.0 = Debug|Any CPU
		{E3E18B61-B65D-F66F-5F7B-B6A06D8F9BA6}.Release|Any CPU.ActiveCfg = Release|Any CPU
		{E3E18B61-B65D-F66F-5F7B-B6A06D8F9BA6}.Release|Any CPU.Build.0 = Release|Any CPU
		{E704ED74-A75C-5533-1BA6-8A33EF4C1706}.Debug|Any CPU.ActiveCfg = Debug|Any CPU
		{E704ED74-A75C-5533-1BA6-8A33EF4C1706}.Debug|Any CPU.Build.0 = Debug|Any CPU
		{E704ED74-A75C-5533-1BA6-8A33EF4C1706}.Release|Any CPU.ActiveCfg = Release|Any CPU
		{E704ED74-A75C-5533-1BA6-8A33EF4C1706}.Release|Any CPU.Build.0 = Release|Any CPU
		{BC30D977-9750-79CA-5E68-8F20CB1818FC}.Debug|Any CPU.ActiveCfg = Debug|Any CPU
		{BC30D977-9750-79CA-5E68-8F20CB1818FC}.Debug|Any CPU.Build.0 = Debug|Any CPU
		{BC30D977-9750-79CA-5E68-8F20CB1818FC}.Release|Any CPU.ActiveCfg = Release|Any CPU
		{BC30D977-9750-79CA-5E68-8F20CB1818FC}.Release|Any CPU.Build.0 = Release|Any CPU
		{2D22E9B6-AB97-7F1F-6163-CA39745CE4AF}.Debug|Any CPU.ActiveCfg = Debug|Any CPU
		{2D22E9B6-AB97-7F1F-6163-CA39745CE4AF}.Debug|Any CPU.Build.0 = Debug|Any CPU
		{2D22E9B6-AB97-7F1F-6163-CA39745CE4AF}.Release|Any CPU.ActiveCfg = Release|Any CPU
		{2D22E9B6-AB97-7F1F-6163-CA39745CE4AF}.Release|Any CPU.Build.0 = Release|Any CPU
		{E95FCACC-CD13-3042-DB77-E709B19B4131}.Debug|Any CPU.ActiveCfg = Debug|Any CPU
		{E95FCACC-CD13-3042-DB77-E709B19B4131}.Debug|Any CPU.Build.0 = Debug|Any CPU
		{E95FCACC-CD13-3042-DB77-E709B19B4131}.Release|Any CPU.ActiveCfg = Release|Any CPU
		{E95FCACC-CD13-3042-DB77-E709B19B4131}.Release|Any CPU.Build.0 = Release|Any CPU
		{684C1045-C4D6-8EF3-038D-F495825268DD}.Debug|Any CPU.ActiveCfg = Debug|Any CPU
		{684C1045-C4D6-8EF3-038D-F495825268DD}.Debug|Any CPU.Build.0 = Debug|Any CPU
		{684C1045-C4D6-8EF3-038D-F495825268DD}.Release|Any CPU.ActiveCfg = Release|Any CPU
		{684C1045-C4D6-8EF3-038D-F495825268DD}.Release|Any CPU.Build.0 = Release|Any CPU
		{ABD030A7-A46C-FB26-AE8D-CD0173DF4651}.Debug|Any CPU.ActiveCfg = Debug|Any CPU
		{ABD030A7-A46C-FB26-AE8D-CD0173DF4651}.Debug|Any CPU.Build.0 = Debug|Any CPU
		{ABD030A7-A46C-FB26-AE8D-CD0173DF4651}.Release|Any CPU.ActiveCfg = Release|Any CPU
		{ABD030A7-A46C-FB26-AE8D-CD0173DF4651}.Release|Any CPU.Build.0 = Release|Any CPU
		{C24AE339-4D71-A655-48A5-DB685346C3CE}.Debug|Any CPU.ActiveCfg = Debug|Any CPU
		{C24AE339-4D71-A655-48A5-DB685346C3CE}.Debug|Any CPU.Build.0 = Debug|Any CPU
		{C24AE339-4D71-A655-48A5-DB685346C3CE}.Release|Any CPU.ActiveCfg = Release|Any CPU
		{C24AE339-4D71-A655-48A5-DB685346C3CE}.Release|Any CPU.Build.0 = Release|Any CPU
		{5B4C24BB-9F24-E956-93B6-8ACCF14C0D90}.Debug|Any CPU.ActiveCfg = Debug|Any CPU
		{5B4C24BB-9F24-E956-93B6-8ACCF14C0D90}.Debug|Any CPU.Build.0 = Debug|Any CPU
		{5B4C24BB-9F24-E956-93B6-8ACCF14C0D90}.Release|Any CPU.ActiveCfg = Release|Any CPU
		{5B4C24BB-9F24-E956-93B6-8ACCF14C0D90}.Release|Any CPU.Build.0 = Release|Any CPU
		{54BD9AF5-9424-2E93-3FFD-1D02DE92C3C9}.Debug|Any CPU.ActiveCfg = Debug|Any CPU
		{54BD9AF5-9424-2E93-3FFD-1D02DE92C3C9}.Debug|Any CPU.Build.0 = Debug|Any CPU
		{54BD9AF5-9424-2E93-3FFD-1D02DE92C3C9}.Release|Any CPU.ActiveCfg = Release|Any CPU
		{54BD9AF5-9424-2E93-3FFD-1D02DE92C3C9}.Release|Any CPU.Build.0 = Release|Any CPU
		{46B0D0B4-5D41-6342-DF51-BB7D87043889}.Debug|Any CPU.ActiveCfg = Debug|Any CPU
		{46B0D0B4-5D41-6342-DF51-BB7D87043889}.Debug|Any CPU.Build.0 = Debug|Any CPU
		{46B0D0B4-5D41-6342-DF51-BB7D87043889}.Release|Any CPU.ActiveCfg = Release|Any CPU
		{46B0D0B4-5D41-6342-DF51-BB7D87043889}.Release|Any CPU.Build.0 = Release|Any CPU
		{E751F216-91F5-C76B-F066-095AF551A02C}.Debug|Any CPU.ActiveCfg = Debug|Any CPU
		{E751F216-91F5-C76B-F066-095AF551A02C}.Debug|Any CPU.Build.0 = Debug|Any CPU
		{E751F216-91F5-C76B-F066-095AF551A02C}.Release|Any CPU.ActiveCfg = Release|Any CPU
		{E751F216-91F5-C76B-F066-095AF551A02C}.Release|Any CPU.Build.0 = Release|Any CPU
		{2949D99F-FD0F-D402-E5BF-7F3DF14B7789}.Debug|Any CPU.ActiveCfg = Debug|Any CPU
		{2949D99F-FD0F-D402-E5BF-7F3DF14B7789}.Debug|Any CPU.Build.0 = Debug|Any CPU
		{2949D99F-FD0F-D402-E5BF-7F3DF14B7789}.Release|Any CPU.ActiveCfg = Release|Any CPU
		{2949D99F-FD0F-D402-E5BF-7F3DF14B7789}.Release|Any CPU.Build.0 = Release|Any CPU
		{27E30777-5E07-05FF-4B81-CB9326867DA2}.Debug|Any CPU.ActiveCfg = Debug|Any CPU
		{27E30777-5E07-05FF-4B81-CB9326867DA2}.Debug|Any CPU.Build.0 = Debug|Any CPU
		{27E30777-5E07-05FF-4B81-CB9326867DA2}.Release|Any CPU.ActiveCfg = Release|Any CPU
		{27E30777-5E07-05FF-4B81-CB9326867DA2}.Release|Any CPU.Build.0 = Release|Any CPU
		{A3DF18D5-B97F-9E7D-1149-7A9E17517712}.Debug|Any CPU.ActiveCfg = Debug|Any CPU
		{A3DF18D5-B97F-9E7D-1149-7A9E17517712}.Debug|Any CPU.Build.0 = Debug|Any CPU
		{A3DF18D5-B97F-9E7D-1149-7A9E17517712}.Release|Any CPU.ActiveCfg = Release|Any CPU
		{A3DF18D5-B97F-9E7D-1149-7A9E17517712}.Release|Any CPU.Build.0 = Release|Any CPU
		{0F0BC742-F55F-D49A-7A7B-9C809165FE14}.Debug|Any CPU.ActiveCfg = Debug|Any CPU
		{0F0BC742-F55F-D49A-7A7B-9C809165FE14}.Debug|Any CPU.Build.0 = Debug|Any CPU
		{0F0BC742-F55F-D49A-7A7B-9C809165FE14}.Release|Any CPU.ActiveCfg = Release|Any CPU
		{0F0BC742-F55F-D49A-7A7B-9C809165FE14}.Release|Any CPU.Build.0 = Release|Any CPU
		{6879F7CB-1887-A388-710F-2AFF9AC7F242}.Debug|Any CPU.ActiveCfg = Debug|Any CPU
		{6879F7CB-1887-A388-710F-2AFF9AC7F242}.Debug|Any CPU.Build.0 = Debug|Any CPU
		{6879F7CB-1887-A388-710F-2AFF9AC7F242}.Release|Any CPU.ActiveCfg = Release|Any CPU
		{6879F7CB-1887-A388-710F-2AFF9AC7F242}.Release|Any CPU.Build.0 = Release|Any CPU
		{4FE67731-40F4-9087-EBB2-604BBF594468}.Debug|Any CPU.ActiveCfg = Debug|Any CPU
		{4FE67731-40F4-9087-EBB2-604BBF594468}.Debug|Any CPU.Build.0 = Debug|Any CPU
		{4FE67731-40F4-9087-EBB2-604BBF594468}.Release|Any CPU.ActiveCfg = Release|Any CPU
		{4FE67731-40F4-9087-EBB2-604BBF594468}.Release|Any CPU.Build.0 = Release|Any CPU
		{63BB3D11-3FF2-BF6C-CCB5-E1F8C8FE15D4}.Debug|Any CPU.ActiveCfg = Debug|Any CPU
		{63BB3D11-3FF2-BF6C-CCB5-E1F8C8FE15D4}.Debug|Any CPU.Build.0 = Debug|Any CPU
		{63BB3D11-3FF2-BF6C-CCB5-E1F8C8FE15D4}.Release|Any CPU.ActiveCfg = Release|Any CPU
		{63BB3D11-3FF2-BF6C-CCB5-E1F8C8FE15D4}.Release|Any CPU.Build.0 = Release|Any CPU
		{160B5EBF-27F1-3E36-60AB-4441BC24E6DD}.Debug|Any CPU.ActiveCfg = Debug|Any CPU
		{160B5EBF-27F1-3E36-60AB-4441BC24E6DD}.Debug|Any CPU.Build.0 = Debug|Any CPU
		{160B5EBF-27F1-3E36-60AB-4441BC24E6DD}.Release|Any CPU.ActiveCfg = Release|Any CPU
		{160B5EBF-27F1-3E36-60AB-4441BC24E6DD}.Release|Any CPU.Build.0 = Release|Any CPU
		{92D18837-99F1-D73D-497C-D6D3E6D4FCA1}.Debug|Any CPU.ActiveCfg = Debug|Any CPU
		{92D18837-99F1-D73D-497C-D6D3E6D4FCA1}.Debug|Any CPU.Build.0 = Debug|Any CPU
		{92D18837-99F1-D73D-497C-D6D3E6D4FCA1}.Release|Any CPU.ActiveCfg = Release|Any CPU
		{92D18837-99F1-D73D-497C-D6D3E6D4FCA1}.Release|Any CPU.Build.0 = Release|Any CPU
		{B1000ED5-AA8C-3172-EE4F-FA45FE3CEE3F}.Debug|Any CPU.ActiveCfg = Debug|Any CPU
		{B1000ED5-AA8C-3172-EE4F-FA45FE3CEE3F}.Debug|Any CPU.Build.0 = Debug|Any CPU
		{B1000ED5-AA8C-3172-EE4F-FA45FE3CEE3F}.Release|Any CPU.ActiveCfg = Release|Any CPU
		{B1000ED5-AA8C-3172-EE4F-FA45FE3CEE3F}.Release|Any CPU.Build.0 = Release|Any CPU
		{8F16A5A4-D7B9-80B9-07D7-3676188F66CF}.Debug|Any CPU.ActiveCfg = Debug|Any CPU
		{8F16A5A4-D7B9-80B9-07D7-3676188F66CF}.Debug|Any CPU.Build.0 = Debug|Any CPU
		{8F16A5A4-D7B9-80B9-07D7-3676188F66CF}.Release|Any CPU.ActiveCfg = Release|Any CPU
		{8F16A5A4-D7B9-80B9-07D7-3676188F66CF}.Release|Any CPU.Build.0 = Release|Any CPU
		{0363F8F7-A0F7-868B-63D0-A91F3E370C76}.Debug|Any CPU.ActiveCfg = Debug|Any CPU
		{0363F8F7-A0F7-868B-63D0-A91F3E370C76}.Debug|Any CPU.Build.0 = Debug|Any CPU
		{0363F8F7-A0F7-868B-63D0-A91F3E370C76}.Release|Any CPU.ActiveCfg = Release|Any CPU
		{0363F8F7-A0F7-868B-63D0-A91F3E370C76}.Release|Any CPU.Build.0 = Release|Any CPU
		{CCE500F5-9E2A-4DB4-BAF8-31789B9768F6}.Debug|Any CPU.ActiveCfg = Debug|Any CPU
		{CCE500F5-9E2A-4DB4-BAF8-31789B9768F6}.Debug|Any CPU.Build.0 = Debug|Any CPU
		{CCE500F5-9E2A-4DB4-BAF8-31789B9768F6}.Release|Any CPU.ActiveCfg = Release|Any CPU
		{CCE500F5-9E2A-4DB4-BAF8-31789B9768F6}.Release|Any CPU.Build.0 = Release|Any CPU
		{B43BD19F-FBFE-1A7B-8D10-7CFA4F74428E}.Debug|Any CPU.ActiveCfg = Debug|Any CPU
		{B43BD19F-FBFE-1A7B-8D10-7CFA4F74428E}.Debug|Any CPU.Build.0 = Debug|Any CPU
		{B43BD19F-FBFE-1A7B-8D10-7CFA4F74428E}.Release|Any CPU.ActiveCfg = Release|Any CPU
		{B43BD19F-FBFE-1A7B-8D10-7CFA4F74428E}.Release|Any CPU.Build.0 = Release|Any CPU
		{4C5ACAED-FCA4-CC55-AC75-26FE2114CF1C}.Debug|Any CPU.ActiveCfg = Debug|Any CPU
		{4C5ACAED-FCA4-CC55-AC75-26FE2114CF1C}.Debug|Any CPU.Build.0 = Debug|Any CPU
		{4C5ACAED-FCA4-CC55-AC75-26FE2114CF1C}.Release|Any CPU.ActiveCfg = Release|Any CPU
		{4C5ACAED-FCA4-CC55-AC75-26FE2114CF1C}.Release|Any CPU.Build.0 = Release|Any CPU
		{7F108476-63D5-E0DC-B9B5-3926627D3020}.Debug|Any CPU.ActiveCfg = Debug|Any CPU
		{7F108476-63D5-E0DC-B9B5-3926627D3020}.Debug|Any CPU.Build.0 = Debug|Any CPU
		{7F108476-63D5-E0DC-B9B5-3926627D3020}.Release|Any CPU.ActiveCfg = Release|Any CPU
		{7F108476-63D5-E0DC-B9B5-3926627D3020}.Release|Any CPU.Build.0 = Release|Any CPU
		{2A898C59-65A5-B009-2370-3274038D25A6}.Debug|Any CPU.ActiveCfg = Debug|Any CPU
		{2A898C59-65A5-B009-2370-3274038D25A6}.Debug|Any CPU.Build.0 = Debug|Any CPU
		{2A898C59-65A5-B009-2370-3274038D25A6}.Release|Any CPU.ActiveCfg = Release|Any CPU
		{2A898C59-65A5-B009-2370-3274038D25A6}.Release|Any CPU.Build.0 = Release|Any CPU
		{B16B1D57-8F66-4531-1892-4C030C796896}.Debug|Any CPU.ActiveCfg = Debug|Any CPU
		{B16B1D57-8F66-4531-1892-4C030C796896}.Debug|Any CPU.Build.0 = Debug|Any CPU
		{B16B1D57-8F66-4531-1892-4C030C796896}.Release|Any CPU.ActiveCfg = Release|Any CPU
		{B16B1D57-8F66-4531-1892-4C030C796896}.Release|Any CPU.Build.0 = Release|Any CPU
		{8F9402C6-3275-FA29-C65C-296DCA6B1852}.Debug|Any CPU.ActiveCfg = Debug|Any CPU
		{8F9402C6-3275-FA29-C65C-296DCA6B1852}.Debug|Any CPU.Build.0 = Debug|Any CPU
		{8F9402C6-3275-FA29-C65C-296DCA6B1852}.Release|Any CPU.ActiveCfg = Release|Any CPU
		{8F9402C6-3275-FA29-C65C-296DCA6B1852}.Release|Any CPU.Build.0 = Release|Any CPU
		{07482E6D-5651-3B11-EC2F-183227504C03}.Debug|Any CPU.ActiveCfg = Debug|Any CPU
		{07482E6D-5651-3B11-EC2F-183227504C03}.Debug|Any CPU.Build.0 = Debug|Any CPU
		{07482E6D-5651-3B11-EC2F-183227504C03}.Release|Any CPU.ActiveCfg = Release|Any CPU
		{07482E6D-5651-3B11-EC2F-183227504C03}.Release|Any CPU.Build.0 = Release|Any CPU
		{B0E5B289-722E-57BD-1AA7-D96F6DC083AB}.Debug|Any CPU.ActiveCfg = Debug|Any CPU
		{B0E5B289-722E-57BD-1AA7-D96F6DC083AB}.Debug|Any CPU.Build.0 = Debug|Any CPU
		{B0E5B289-722E-57BD-1AA7-D96F6DC083AB}.Release|Any CPU.ActiveCfg = Release|Any CPU
		{B0E5B289-722E-57BD-1AA7-D96F6DC083AB}.Release|Any CPU.Build.0 = Release|Any CPU
		{86110EE0-F28E-5574-C158-EEC2E1F2585D}.Debug|Any CPU.ActiveCfg = Debug|Any CPU
		{86110EE0-F28E-5574-C158-EEC2E1F2585D}.Debug|Any CPU.Build.0 = Debug|Any CPU
		{86110EE0-F28E-5574-C158-EEC2E1F2585D}.Release|Any CPU.ActiveCfg = Release|Any CPU
		{86110EE0-F28E-5574-C158-EEC2E1F2585D}.Release|Any CPU.Build.0 = Release|Any CPU
		{F7B3907B-7608-66A0-0CF0-A06BE87DFBF7}.Debug|Any CPU.ActiveCfg = Debug|Any CPU
		{F7B3907B-7608-66A0-0CF0-A06BE87DFBF7}.Debug|Any CPU.Build.0 = Debug|Any CPU
		{F7B3907B-7608-66A0-0CF0-A06BE87DFBF7}.Release|Any CPU.ActiveCfg = Release|Any CPU
		{F7B3907B-7608-66A0-0CF0-A06BE87DFBF7}.Release|Any CPU.Build.0 = Release|Any CPU
		{43DB5D89-3215-4083-2936-DCB27CC48C08}.Debug|Any CPU.ActiveCfg = Debug|Any CPU
		{43DB5D89-3215-4083-2936-DCB27CC48C08}.Debug|Any CPU.Build.0 = Debug|Any CPU
		{43DB5D89-3215-4083-2936-DCB27CC48C08}.Release|Any CPU.ActiveCfg = Release|Any CPU
		{43DB5D89-3215-4083-2936-DCB27CC48C08}.Release|Any CPU.Build.0 = Release|Any CPU
		{197861DF-DBF3-AB37-7BA4-75CD12CB2C58}.Debug|Any CPU.ActiveCfg = Debug|Any CPU
		{197861DF-DBF3-AB37-7BA4-75CD12CB2C58}.Debug|Any CPU.Build.0 = Debug|Any CPU
		{197861DF-DBF3-AB37-7BA4-75CD12CB2C58}.Release|Any CPU.ActiveCfg = Release|Any CPU
		{197861DF-DBF3-AB37-7BA4-75CD12CB2C58}.Release|Any CPU.Build.0 = Release|Any CPU
		{E7487714-BD96-1DF1-884A-3F3578748123}.Debug|Any CPU.ActiveCfg = Debug|Any CPU
		{E7487714-BD96-1DF1-884A-3F3578748123}.Debug|Any CPU.Build.0 = Debug|Any CPU
		{E7487714-BD96-1DF1-884A-3F3578748123}.Release|Any CPU.ActiveCfg = Release|Any CPU
		{E7487714-BD96-1DF1-884A-3F3578748123}.Release|Any CPU.Build.0 = Release|Any CPU
	EndGlobalSection
	GlobalSection(SolutionProperties) = preSolution
		HideSolutionNode = FALSE
	EndGlobalSection
EndGlobal
